
Microsoft Visual Studio Solution File, Format Version 12.00
# Visual Studio Version 17
VisualStudioVersion = 17.9.34728.123
MinimumVisualStudioVersion = 10.0.40219.1
Project("{FAE04EC0-301F-11D3-BF4B-00C04F79EFBC}") = "0331hw1", "0331hw1.csproj", "{81320F79-7F6D-4755-8080-E89F4D6FC765}"
EndProject
Global
	GlobalSection(SolutionConfigurationPlatforms) = preSolution
		Debug|Any CPU = Debug|Any CPU
		Release|Any CPU = Release|Any CPU
	EndGlobalSection
	GlobalSection(ProjectConfigurationPlatforms) = postSolution
		{81320F79-7F6D-4755-8080-E89F4D6FC765}.Debug|Any CPU.ActiveCfg = Debug|Any CPU
		{81320F79-7F6D-4755-8080-E89F4D6FC765}.Debug|Any CPU.Build.0 = Debug|Any CPU
		{81320F79-7F6D-4755-8080-E89F4D6FC765}.Release|Any CPU.ActiveCfg = Release|Any CPU
		{81320F79-7F6D-4755-8080-E89F4D6FC765}.Release|Any CPU.Build.0 = Release|Any CPU
	EndGlobalSection
	GlobalSection(SolutionProperties) = preSolution
		HideSolutionNode = FALSE
	EndGlobalSection
	GlobalSection(ExtensibilityGlobals) = postSolution
		SolutionGuid = {11EB94CF-DFC0-4535-9CE0-BABD4D50E685}
	EndGlobalSection
EndGlobal
